// !$*UTF8*$!
{
	archiveVersion = 1;
	classes = {
	};
	objectVersion = 50;
	objects = {

/* Begin PBXBuildFile section */
		C09ADA20250BB3EC00CD2EFA /* AppDelegate.swift in Sources */ = {isa = PBXBuildFile; fileRef = C09ADA1F250BB3EC00CD2EFA /* AppDelegate.swift */; };
		C09ADA22250BB3EC00CD2EFA /* SceneDelegate.swift in Sources */ = {isa = PBXBuildFile; fileRef = C09ADA21250BB3EC00CD2EFA /* SceneDelegate.swift */; };
		C09ADA24250BB3EC00CD2EFA /* ViewController.swift in Sources */ = {isa = PBXBuildFile; fileRef = C09ADA23250BB3EC00CD2EFA /* ViewController.swift */; };
		C09ADA27250BB3EC00CD2EFA /* Main.storyboard in Resources */ = {isa = PBXBuildFile; fileRef = C09ADA25250BB3EC00CD2EFA /* Main.storyboard */; };
		C09ADA29250BB3EC00CD2EFA /* Assets.xcassets in Resources */ = {isa = PBXBuildFile; fileRef = C09ADA28250BB3EC00CD2EFA /* Assets.xcassets */; };
		C09ADA2C250BB3EC00CD2EFA /* LaunchScreen.storyboard in Resources */ = {isa = PBXBuildFile; fileRef = C09ADA2A250BB3EC00CD2EFA /* LaunchScreen.storyboard */; };
		C09ADA34250BB49700CD2EFA /* Kitty.jpeg in Resources */ = {isa = PBXBuildFile; fileRef = C09ADA33250BB49700CD2EFA /* Kitty.jpeg */; };
/* End PBXBuildFile section */

/* Begin PBXFileReference section */
		C09ADA1C250BB3EC00CD2EFA /* InstagramShare.app */ = {isa = PBXFileReference; explicitFileType = wrapper.application; includeInIndex = 0; path = InstagramShare.app; sourceTree = BUILT_PRODUCTS_DIR; };
		C09ADA1F250BB3EC00CD2EFA /* AppDelegate.swift */ = {isa = PBXFileReference; lastKnownFileType = sourcecode.swift; path = AppDelegate.swift; sourceTree = "<group>"; };
		C09ADA21250BB3EC00CD2EFA /* SceneDelegate.swift */ = {isa = PBXFileReference; lastKnownFileType = sourcecode.swift; path = SceneDelegate.swift; sourceTree = "<group>"; };
		C09ADA23250BB3EC00CD2EFA /* ViewController.swift */ = {isa = PBXFileReference; lastKnownFileType = sourcecode.swift; path = ViewController.swift; sourceTree = "<group>"; };
		C09ADA26250BB3EC00CD2EFA /* Base */ = {isa = PBXFileReference; lastKnownFileType = file.storyboard; name = Base; path = Base.lproj/Main.storyboard; sourceTree = "<group>"; };
		C09ADA28250BB3EC00CD2EFA /* Assets.xcassets */ = {isa = PBXFileReference; lastKnownFileType = folder.assetcatalog; path = Assets.xcassets; sourceTree = "<group>"; };
		C09ADA2B250BB3EC00CD2EFA /* Base */ = {isa = PBXFileReference; lastKnownFileType = file.storyboard; name = Base; path = Base.lproj/LaunchScreen.storyboard; sourceTree = "<group>"; };
		C09ADA2D250BB3EC00CD2EFA /* Info.plist */ = {isa = PBXFileReference; lastKnownFileType = text.plist.xml; path = Info.plist; sourceTree = "<group>"; };
		C09ADA33250BB49700CD2EFA /* Kitty.jpeg */ = {isa = PBXFileReference; lastKnownFileType = image.jpeg; path = Kitty.jpeg; sourceTree = "<group>"; };
/* End PBXFileReference section */

/* Begin PBXFrameworksBuildPhase section */
		C09ADA19250BB3EB00CD2EFA /* Frameworks */ = {
			isa = PBXFrameworksBuildPhase;
			buildActionMask = 2147483647;
			files = (
			);
			runOnlyForDeploymentPostprocessing = 0;
		};
/* End PBXFrameworksBuildPhase section */

/* Begin PBXGroup section */
		C09ADA13250BB3EB00CD2EFA = {
			isa = PBXGroup;
			children = (
				C09ADA1E250BB3EC00CD2EFA /* InstagramShare */,
				C09ADA1D250BB3EC00CD2EFA /* Products */,
			);
			sourceTree = "<group>";
		};
		C09ADA1D250BB3EC00CD2EFA /* Products */ = {
			isa = PBXGroup;
			children = (
				C09ADA1C250BB3EC00CD2EFA /* InstagramShare.app */,
			);
			name = Products;
			sourceTree = "<group>";
		};
		C09ADA1E250BB3EC00CD2EFA /* InstagramShare */ = {
			isa = PBXGroup;
			children = (
				C09ADA1F250BB3EC00CD2EFA /* AppDelegate.swift */,
				C09ADA21250BB3EC00CD2EFA /* SceneDelegate.swift */,
				C09ADA23250BB3EC00CD2EFA /* ViewController.swift */,
				C09ADA33250BB49700CD2EFA /* Kitty.jpeg */,
				C09ADA25250BB3EC00CD2EFA /* Main.storyboard */,
				C09ADA28250BB3EC00CD2EFA /* Assets.xcassets */,
				C09ADA2A250BB3EC00CD2EFA /* LaunchScreen.storyboard */,
				C09ADA2D250BB3EC00CD2EFA /* Info.plist */,
			);
			path = InstagramShare;
			sourceTree = "<group>";
		};
/* End PBXGroup section */

/* Begin PBXNativeTarget section */
		C09ADA1B250BB3EB00CD2EFA /* InstagramShare */ = {
			isa = PBXNativeTarget;
			buildConfigurationList = C09ADA30250BB3EC00CD2EFA /* Build configuration list for PBXNativeTarget "InstagramShare" */;
			buildPhases = (
				C09ADA18250BB3EB00CD2EFA /* Sources */,
				C09ADA19250BB3EB00CD2EFA /* Frameworks */,
				C09ADA1A250BB3EB00CD2EFA /* Resources */,
			);
			buildRules = (
			);
			dependencies = (
			);
			name = InstagramShare;
			productName = InstagramShare;
			productReference = C09ADA1C250BB3EC00CD2EFA /* InstagramShare.app */;
			productType = "com.apple.product-type.application";
		};
/* End PBXNativeTarget section */

/* Begin PBXProject section */
		C09ADA14250BB3EB00CD2EFA /* Project object */ = {
			isa = PBXProject;
			attributes = {
				LastSwiftUpdateCheck = 1170;
				LastUpgradeCheck = 1170;
				ORGANIZATIONNAME = noseeevil;
				TargetAttributes = {
					C09ADA1B250BB3EB00CD2EFA = {
						CreatedOnToolsVersion = 11.7;
					};
				};
			};
			buildConfigurationList = C09ADA17250BB3EB00CD2EFA /* Build configuration list for PBXProject "InstagramShare" */;
			compatibilityVersion = "Xcode 9.3";
			developmentRegion = en;
			hasScannedForEncodings = 0;
			knownRegions = (
				en,
				Base,
			);
			mainGroup = C09ADA13250BB3EB00CD2EFA;
			productRefGroup = C09ADA1D250BB3EC00CD2EFA /* Products */;
			projectDirPath = "";
			projectRoot = "";
			targets = (
				C09ADA1B250BB3EB00CD2EFA /* InstagramShare */,
			);
		};
/* End PBXProject section */

/* Begin PBXResourcesBuildPhase section */
		C09ADA1A250BB3EB00CD2EFA /* Resources */ = {
			isa = PBXResourcesBuildPhase;
			buildActionMask = 2147483647;
			files = (
				C09ADA2C250BB3EC00CD2EFA /* LaunchScreen.storyboard in Resources */,
				C09ADA29250BB3EC00CD2EFA /* Assets.xcassets in Resources */,
				C09ADA27250BB3EC00CD2EFA /* Main.storyboard in Resources */,
				C09ADA34250BB49700CD2EFA /* Kitty.jpeg in Resources */,
			);
			runOnlyForDeploymentPostprocessing = 0;
		};
/* End PBXResourcesBuildPhase section */

/* Begin PBXSourcesBuildPhase section */
		C09ADA18250BB3EB00CD2EFA /* Sources */ = {
			isa = PBXSourcesBuildPhase;
			buildActionMask = 2147483647;
			files = (
				C09ADA24250BB3EC00CD2EFA /* ViewController.swift in Sources */,
				C09ADA20250BB3EC00CD2EFA /* AppDelegate.swift in Sources */,
				C09ADA22250BB3EC00CD2EFA /* SceneDelegate.swift in Sources */,
			);
			runOnlyForDeploymentPostprocessing = 0;
		};
/* End PBXSourcesBuildPhase section */

/* Begin PBXVariantGroup section */
		C09ADA25250BB3EC00CD2EFA /* Main.storyboard */ = {
			isa = PBXVariantGroup;
			children = (
				C09ADA26250BB3EC00CD2EFA /* Base */,
			);
			name = Main.storyboard;
			sourceTree = "<group>";
		};
		C09ADA2A250BB3EC00CD2EFA /* LaunchScreen.storyboard */ = {
			isa = PBXVariantGroup;
			children = (
				C09ADA2B250BB3EC00CD2EFA /* Base */,
			);
			name = LaunchScreen.storyboard;
			sourceTree = "<group>";
		};
/* End PBXVariantGroup section */

/* Begin XCBuildConfiguration section */
		C09ADA2E250BB3EC00CD2EFA /* Debug */ = {
			isa = XCBuildConfiguration;
			buildSettings = {
				ALWAYS_SEARCH_USER_PATHS = NO;
				CLANG_ANALYZER_NONNULL = YES;
				CLANG_ANALYZER_NUMBER_OBJECT_CONVERSION = YES_AGGRESSIVE;
				CLANG_CXX_LANGUAGE_STANDARD = "gnu++14";
				CLANG_CXX_LIBRARY = "libc++";
				CLANG_ENABLE_MODULES = YES;
				CLANG_ENABLE_OBJC_ARC = YES;
				CLANG_ENABLE_OBJC_WEAK = YES;
				CLANG_WARN_BLOCK_CAPTURE_AUTORELEASING = YES;
				CLANG_WARN_BOOL_CONVERSION = YES;
				CLANG_WARN_COMMA = YES;
				CLANG_WARN_CONSTANT_CONVERSION = YES;
				CLANG_WARN_DEPRECATED_OBJC_IMPLEMENTATIONS = YES;
				CLANG_WARN_DIRECT_OBJC_ISA_USAGE = YES_ERROR;
				CLANG_WARN_DOCUMENTATION_COMMENTS = YES;
				CLANG_WARN_EMPTY_BODY = YES;
				CLANG_WARN_ENUM_CONVERSION = YES;
				CLANG_WARN_INFINITE_RECURSION = YES;
				CLANG_WARN_INT_CONVERSION = YES;
				CLANG_WARN_NON_LITERAL_NULL_CONVERSION = YES;
				CLANG_WARN_OBJC_IMPLICIT_RETAIN_SELF = YES;
				CLANG_WARN_OBJC_LITERAL_CONVERSION = YES;
				CLANG_WARN_OBJC_ROOT_CLASS = YES_ERROR;
				CLANG_WARN_RANGE_LOOP_ANALYSIS = YES;
				CLANG_WARN_STRICT_PROTOTYPES = YES;
				CLANG_WARN_SUSPICIOUS_MOVE = YES;
				CLANG_WARN_UNGUARDED_AVAILABILITY = YES_AGGRESSIVE;
				CLANG_WARN_UNREACHABLE_CODE = YES;
				CLANG_WARN__DUPLICATE_METHOD_MATCH = YES;
				COPY_PHASE_STRIP = NO;
				DEBUG_INFORMATION_FORMAT = dwarf;
				ENABLE_STRICT_OBJC_MSGSEND = YES;
				ENABLE_TESTABILITY = YES;
				GCC_C_LANGUAGE_STANDARD = gnu11;
				GCC_DYNAMIC_NO_PIC = NO;
				GCC_NO_COMMON_BLOCKS = YES;
				GCC_OPTIMIZATION_LEVEL = 0;
				GCC_PREPROCESSOR_DEFINITIONS = (
					"DEBUG=1",
					"$(inherited)",
				);
				GCC_WARN_64_TO_32_BIT_CONVERSION = YES;
				GCC_WARN_ABOUT_RETURN_TYPE = YES_ERROR;
				GCC_WARN_UNDECLARED_SELECTOR = YES;
				GCC_WARN_UNINITIALIZED_AUTOS = YES_AGGRESSIVE;
				GCC_WARN_UNUSED_FUNCTION = YES;
				GCC_WARN_UNUSED_VARIABLE = YES;
				IPHONEOS_DEPLOYMENT_TARGET = 13.7;
				MTL_ENABLE_DEBUG_INFO = INCLUDE_SOURCE;
				MTL_FAST_MATH = YES;
				ONLY_ACTIVE_ARCH = YES;
				SDKROOT = iphoneos;
				SWIFT_ACTIVE_COMPILATION_CONDITIONS = DEBUG;
				SWIFT_OPTIMIZATION_LEVEL = "-Onone";
			};
			name = Debug;
		};
		C09ADA2F250BB3EC00CD2EFA /* Release */ = {
			isa = XCBuildConfiguration;
			buildSettings = {
				ALWAYS_SEARCH_USER_PATHS = NO;
				CLANG_ANALYZER_NONNULL = YES;
				CLANG_ANALYZER_NUMBER_OBJECT_CONVERSION = YES_AGGRESSIVE;
				CLANG_CXX_LANGUAGE_STANDARD = "gnu++14";
				CLANG_CXX_LIBRARY = "libc++";
				CLANG_ENABLE_MODULES = YES;
				CLANG_ENABLE_OBJC_ARC = YES;
				CLANG_ENABLE_OBJC_WEAK = YES;
				CLANG_WARN_BLOCK_CAPTURE_AUTORELEASING = YES;
				CLANG_WARN_BOOL_CONVERSION = YES;
				CLANG_WARN_COMMA = YES;
				CLANG_WARN_CONSTANT_CONVERSION = YES;
				CLANG_WARN_DEPRECATED_OBJC_IMPLEMENTATIONS = YES;
				CLANG_WARN_DIRECT_OBJC_ISA_USAGE = YES_ERROR;
				CLANG_WARN_DOCUMENTATION_COMMENTS = YES;
				CLANG_WARN_EMPTY_BODY = YES;
				CLANG_WARN_ENUM_CONVERSION = YES;
				CLANG_WARN_INFINITE_RECURSION = YES;
				CLANG_WARN_INT_CONVERSION = YES;
				CLANG_WARN_NON_LITERAL_NULL_CONVERSION = YES;
				CLANG_WARN_OBJC_IMPLICIT_RETAIN_SELF = YES;
				CLANG_WARN_OBJC_LITERAL_CONVERSION = YES;
				CLANG_WARN_OBJC_ROOT_CLASS = YES_ERROR;
				CLANG_WARN_RANGE_LOOP_ANALYSIS = YES;
				CLANG_WARN_STRICT_PROTOTYPES = YES;
				CLANG_WARN_SUSPICIOUS_MOVE = YES;
				CLANG_WARN_UNGUARDED_AVAILABILITY = YES_AGGRESSIVE;
				CLANG_WARN_UNREACHABLE_CODE = YES;
				CLANG_WARN__DUPLICATE_METHOD_MATCH = YES;
				COPY_PHASE_STRIP = NO;
				DEBUG_INFORMATION_FORMAT = "dwarf-with-dsym";
				ENABLE_NS_ASSERTIONS = NO;
				ENABLE_STRICT_OBJC_MSGSEND = YES;
				GCC_C_LANGUAGE_STANDARD = gnu11;
				GCC_NO_COMMON_BLOCKS = YES;
				GCC_WARN_64_TO_32_BIT_CONVERSION = YES;
				GCC_WARN_ABOUT_RETURN_TYPE = YES_ERROR;
				GCC_WARN_UNDECLARED_SELECTOR = YES;
				GCC_WARN_UNINITIALIZED_AUTOS = YES_AGGRESSIVE;
				GCC_WARN_UNUSED_FUNCTION = YES;
				GCC_WARN_UNUSED_VARIABLE = YES;
				IPHONEOS_DEPLOYMENT_TARGET = 13.7;
				MTL_ENABLE_DEBUG_INFO = NO;
				MTL_FAST_MATH = YES;
				SDKROOT = iphoneos;
				SWIFT_COMPILATION_MODE = wholemodule;
				SWIFT_OPTIMIZATION_LEVEL = "-O";
				VALIDATE_PRODUCT = YES;
			};
			name = Release;
		};
		C09ADA31250BB3EC00CD2EFA /* Debug */ = {
			isa = XCBuildConfiguration;
			buildSettings = {
				ASSETCATALOG_COMPILER_APPICON_NAME = AppIcon;
				CODE_SIGN_STYLE = Automatic;
				DEVELOPMENT_TEAM = WK3A84WDYL;
				INFOPLIST_FILE = InstagramShare/Info.plist;
				IPHONEOS_DEPLOYMENT_TARGET = 13.5;
				LD_RUNPATH_SEARCH_PATHS = (
					"$(inherited)",
					"@executable_path/Frameworks",
				);
				PRODUCT_BUNDLE_IDENTIFIER = noseeevil.InstagramShare;
				PRODUCT_NAME = "$(TARGET_NAME)";
				SWIFT_VERSION = 5.0;
				TARGETED_DEVICE_FAMILY = 1;
			};
			name = Debug;
		};
		C09ADA32250BB3EC00CD2EFA /* Release */ = {
			isa = XCBuildConfiguration;
			buildSettings = {
				ASSETCATALOG_COMPILER_APPICON_NAME = AppIcon;
				CODE_SIGN_STYLE = Automatic;
				DEVELOPMENT_TEAM = WK3A84WDYL;
				INFOPLIST_FILE = InstagramShare/Info.plist;
				IPHONEOS_DEPLOYMENT_TARGET = 13.5;
				LD_RUNPATH_SEARCH_PATHS = (
					"$(inherited)",
					"@executable_path/Frameworks",
				);
				PRODUCT_BUNDLE_IDENTIFIER = noseeevil.InstagramShare;
				PRODUCT_NAME = "$(TARGET_NAME)";
				SWIFT_VERSION = 5.0;
				TARGETED_DEVICE_FAMILY = 1;
			};
			name = Release;
		};
/* End XCBuildConfiguration section */

/* Begin XCConfigurationList section */
		C09ADA17250BB3EB00CD2EFA /* Build configuration list for PBXProject "InstagramShare" */ = {
			isa = XCConfigurationList;
			buildConfigurations = (
				C09ADA2E250BB3EC00CD2EFA /* Debug */,
				C09ADA2F250BB3EC00CD2EFA /* Release */,
			);
			defaultConfigurationIsVisible = 0;
			defaultConfigurationName = Release;
		};
		C09ADA30250BB3EC00CD2EFA /* Build configuration list for PBXNativeTarget "InstagramShare" */ = {
			isa = XCConfigurationList;
			buildConfigurations = (
				C09ADA31250BB3EC00CD2EFA /* Debug */,
				C09ADA32250BB3EC00CD2EFA /* Release */,
			);
			defaultConfigurationIsVisible = 0;
			defaultConfigurationName = Release;
		};
/* End XCConfigurationList section */
	};
	rootObject = C09ADA14250BB3EB00CD2EFA /* Project object */;
}
